
Microsoft Visual Studio Solution File, Format Version 12.00
# Visual Studio 15
VisualStudioVersion = 15.0.26124.0
MinimumVisualStudioVersion = 15.0.26124.0
Project("{2150E333-8FDC-42A3-9474-1A3956D46DE8}") = "src", "src", "{7CF84899-E858-47C3-A061-5A6CE10D997A}"
EndProject
Project("{FAE04EC0-301F-11D3-BF4B-00C04F79EFBC}") = "RoundRobin", "src\RoundRobin\RoundRobin.csproj", "{60B5FCA5-C757-41CE-8706-903641791696}"
EndProject
Project("{2150E333-8FDC-42A3-9474-1A3956D46DE8}") = "test", "test", "{028E9781-7925-4C2E-BD6E-DCB7B60CB1A9}"
EndProject
Project("{FAE04EC0-301F-11D3-BF4B-00C04F79EFBC}") = "RoundRobin.Test", "test\RoundRobin.Test\RoundRobin.Test.csproj", "{0A9F7A39-EB79-4566-9642-E023668095D3}"
EndProject
Global
	GlobalSection(SolutionConfigurationPlatforms) = preSolution
		Debug|Any CPU = Debug|Any CPU
		Debug|x64 = Debug|x64
		Debug|x86 = Debug|x86
		Release|Any CPU = Release|Any CPU
		Release|x64 = Release|x64
		Release|x86 = Release|x86
	EndGlobalSection
	GlobalSection(SolutionProperties) = preSolution
		HideSolutionNode = FALSE
	EndGlobalSection
	GlobalSection(ProjectConfigurationPlatforms) = postSolution
		{60B5FCA5-C757-41CE-8706-903641791696}.Debug|Any CPU.ActiveCfg = Debug|Any CPU
		{60B5FCA5-C757-41CE-8706-903641791696}.Debug|Any CPU.Build.0 = Debug|Any CPU
		{60B5FCA5-C757-41CE-8706-903641791696}.Debug|x64.ActiveCfg = Debug|Any CPU
		{60B5FCA5-C757-41CE-8706-903641791696}.Debug|x64.Build.0 = Debug|Any CPU
		{60B5FCA5-C757-41CE-8706-903641791696}.Debug|x86.ActiveCfg = Debug|Any CPU
		{60B5FCA5-C757-41CE-8706-903641791696}.Debug|x86.Build.0 = Debug|Any CPU
		{60B5FCA5-C757-41CE-8706-903641791696}.Release|Any CPU.ActiveCfg = Release|Any CPU
		{60B5FCA5-C757-41CE-8706-903641791696}.Release|Any CPU.Build.0 = Release|Any CPU
		{60B5FCA5-C757-41CE-8706-903641791696}.Release|x64.ActiveCfg = Release|Any CPU
		{60B5FCA5-C757-41CE-8706-903641791696}.Release|x64.Build.0 = Release|Any CPU
		{60B5FCA5-C757-41CE-8706-903641791696}.Release|x86.ActiveCfg = Release|Any CPU
		{60B5FCA5-C757-41CE-8706-903641791696}.Release|x86.Build.0 = Release|Any CPU
		{0A9F7A39-EB79-4566-9642-E023668095D3}.Debug|Any CPU.ActiveCfg = Debug|Any CPU
		{0A9F7A39-EB79-4566-9642-E023668095D3}.Debug|Any CPU.Build.0 = Debug|Any CPU
		{0A9F7A39-EB79-4566-9642-E023668095D3}.Debug|x64.ActiveCfg = Debug|Any CPU
		{0A9F7A39-EB79-4566-9642-E023668095D3}.Debug|x64.Build.0 = Debug|Any CPU
		{0A9F7A39-EB79-4566-9642-E023668095D3}.Debug|x86.ActiveCfg = Debug|Any CPU
		{0A9F7A39-EB79-4566-9642-E023668095D3}.Debug|x86.Build.0 = Debug|Any CPU
		{0A9F7A39-EB79-4566-9642-E023668095D3}.Release|Any CPU.ActiveCfg = Release|Any CPU
		{0A9F7A39-EB79-4566-9642-E023668095D3}.Release|Any CPU.Build.0 = Release|Any CPU
		{0A9F7A39-EB79-4566-9642-E023668095D3}.Release|x64.ActiveCfg = Release|Any CPU
		{0A9F7A39-EB79-4566-9642-E023668095D3}.Release|x64.Build.0 = Release|Any CPU
		{0A9F7A39-EB79-4566-9642-E023668095D3}.Release|x86.ActiveCfg = Release|Any CPU
		{0A9F7A39-EB79-4566-9642-E023668095D3}.Release|x86.Build.0 = Release|Any CPU
	EndGlobalSection
	GlobalSection(NestedProjects) = preSolution
		{60B5FCA5-C757-41CE-8706-903641791696} = {7CF84899-E858-47C3-A061-5A6CE10D997A}
		{0A9F7A39-EB79-4566-9642-E023668095D3} = {028E9781-7925-4C2E-BD6E-DCB7B60CB1A9}
	EndGlobalSection
EndGlobal
